
Microsoft Visual Studio Solution File, Format Version 12.00
# Visual Studio Version 16
VisualStudioVersion = 16.0.28803.916
MinimumVisualStudioVersion = 10.0.40219.1
Project("{FAE04EC0-301F-11D3-BF4B-00C04F79EFBC}") = "quiz_2022-05-10", "quiz_2022-05-10\quiz_2022-05-10.csproj", "{5297D1D0-5D82-4926-AD93-67E8DD0DB463}"
EndProject
Global
	GlobalSection(SolutionConfigurationPlatforms) = preSolution
		Debug|Any CPU = Debug|Any CPU
		Release|Any CPU = Release|Any CPU
	EndGlobalSection
	GlobalSection(ProjectConfigurationPlatforms) = postSolution
		{5297D1D0-5D82-4926-AD93-67E8DD0DB463}.Debug|Any CPU.ActiveCfg = Debug|Any CPU
		{5297D1D0-5D82-4926-AD93-67E8DD0DB463}.Debug|Any CPU.Build.0 = Debug|Any CPU
		{5297D1D0-5D82-4926-AD93-67E8DD0DB463}.Release|Any CPU.ActiveCfg = Release|Any CPU
		{5297D1D0-5D82-4926-AD93-67E8DD0DB463}.Release|Any CPU.Build.0 = Release|Any CPU
	EndGlobalSection
	GlobalSection(SolutionProperties) = preSolution
		HideSolutionNode = FALSE
	EndGlobalSection
	GlobalSection(ExtensibilityGlobals) = postSolution
		SolutionGuid = {BD99448E-5172-4382-AEFE-25255ACF63DC}
	EndGlobalSection
EndGlobal
