
Microsoft Visual Studio Solution File, Format Version 12.00
# Visual Studio Version 16
VisualStudioVersion = 16.0.28803.916
MinimumVisualStudioVersion = 10.0.40219.1
Project("{FAE04EC0-301F-11D3-BF4B-00C04F79EFBC}") = "Exercicio1 - Console", "Exercicio1 - Console\Exercicio1 - Console.csproj", "{F5C1AD27-8D2C-43F0-9BB1-2227D84189EF}"
EndProject
Global
	GlobalSection(SolutionConfigurationPlatforms) = preSolution
		Debug|Any CPU = Debug|Any CPU
		Release|Any CPU = Release|Any CPU
	EndGlobalSection
	GlobalSection(ProjectConfigurationPlatforms) = postSolution
		{F5C1AD27-8D2C-43F0-9BB1-2227D84189EF}.Debug|Any CPU.ActiveCfg = Debug|Any CPU
		{F5C1AD27-8D2C-43F0-9BB1-2227D84189EF}.Debug|Any CPU.Build.0 = Debug|Any CPU
		{F5C1AD27-8D2C-43F0-9BB1-2227D84189EF}.Release|Any CPU.ActiveCfg = Release|Any CPU
		{F5C1AD27-8D2C-43F0-9BB1-2227D84189EF}.Release|Any CPU.Build.0 = Release|Any CPU
	EndGlobalSection
	GlobalSection(SolutionProperties) = preSolution
		HideSolutionNode = FALSE
	EndGlobalSection
	GlobalSection(ExtensibilityGlobals) = postSolution
		SolutionGuid = {2212153F-079B-4939-844F-0AF47FCF08AD}
	EndGlobalSection
EndGlobal
