
Microsoft Visual Studio Solution File, Format Version 12.00
# Visual Studio Version 16
VisualStudioVersion = 16.0.28803.916
MinimumVisualStudioVersion = 10.0.40219.1
Project("{FAE04EC0-301F-11D3-BF4B-00C04F79EFBC}") = "Aula_2022-10-17", "Aula_2022-10-17\Aula_2022-10-17.csproj", "{F5C3CC2E-A1C8-4339-B7FE-CB4A6C25F44D}"
EndProject
Global
	GlobalSection(SolutionConfigurationPlatforms) = preSolution
		Debug|Any CPU = Debug|Any CPU
		Release|Any CPU = Release|Any CPU
	EndGlobalSection
	GlobalSection(ProjectConfigurationPlatforms) = postSolution
		{F5C3CC2E-A1C8-4339-B7FE-CB4A6C25F44D}.Debug|Any CPU.ActiveCfg = Debug|Any CPU
		{F5C3CC2E-A1C8-4339-B7FE-CB4A6C25F44D}.Debug|Any CPU.Build.0 = Debug|Any CPU
		{F5C3CC2E-A1C8-4339-B7FE-CB4A6C25F44D}.Release|Any CPU.ActiveCfg = Release|Any CPU
		{F5C3CC2E-A1C8-4339-B7FE-CB4A6C25F44D}.Release|Any CPU.Build.0 = Release|Any CPU
	EndGlobalSection
	GlobalSection(SolutionProperties) = preSolution
		HideSolutionNode = FALSE
	EndGlobalSection
	GlobalSection(ExtensibilityGlobals) = postSolution
		SolutionGuid = {0EEE7799-FB3A-4B8C-A867-FA116495E84C}
	EndGlobalSection
EndGlobal
